# This file is generated by running "yarn install" inside your project.
# Manual changes might be lost - proceed with caution!

__metadata:
  version: 5

"node-unix-dgram-compile-issue@workspace:.":
  version: 0.0.0-use.local
  resolution: "node-unix-dgram-compile-issue@workspace:."
  languageName: unknown
  linkType: soft
